// !$*UTF8*$!
{
	archiveVersion = 1;
	classes = {
	};
	objectVersion = 46;
	objects = {

/* Begin PBXBuildFile section */
		8304A7691A6488F6006F44DD /* PhotoFilterCollectionViewCell.swift in Sources */ = {isa = PBXBuildFile; fileRef = 8304A7681A6488F6006F44DD /* PhotoFilterCollectionViewCell.swift */; };
		8319B4551A5CC7EB0040418B /* AppDelegate.swift in Sources */ = {isa = PBXBuildFile; fileRef = 8319B4541A5CC7EB0040418B /* AppDelegate.swift */; };
		8319B4571A5CC7EB0040418B /* FilterListViewController.swift in Sources */ = {isa = PBXBuildFile; fileRef = 8319B4561A5CC7EB0040418B /* FilterListViewController.swift */; };
		8319B4591A5CC7EB0040418B /* FilterDetailViewController.swift in Sources */ = {isa = PBXBuildFile; fileRef = 8319B4581A5CC7EB0040418B /* FilterDetailViewController.swift */; };
		8319B45C1A5CC7EB0040418B /* Main.storyboard in Resources */ = {isa = PBXBuildFile; fileRef = 8319B45A1A5CC7EB0040418B /* Main.storyboard */; };
		8319B4611A5CC7EB0040418B /* LaunchScreen.xib in Resources */ = {isa = PBXBuildFile; fileRef = 8319B45F1A5CC7EB0040418B /* LaunchScreen.xib */; };
		8319B4771A5F1E380040418B /* FilteredImageView.swift in Sources */ = {isa = PBXBuildFile; fileRef = 8319B4761A5F1E380040418B /* FilteredImageView.swift */; };
		8326E6C11A6077BA00F5A0CA /* duckling.jpg in Resources */ = {isa = PBXBuildFile; fileRef = 8326E6C01A6077BA00F5A0CA /* duckling.jpg */; };
		8357845E1A61F11500A8DB3E /* ParameterAdjustmentView.swift in Sources */ = {isa = PBXBuildFile; fileRef = 8357845D1A61F11500A8DB3E /* ParameterAdjustmentView.swift */; };
		835784601A61F23800A8DB3E /* LabeledSliderView.swift in Sources */ = {isa = PBXBuildFile; fileRef = 8357845F1A61F23800A8DB3E /* LabeledSliderView.swift */; };
		83D831201A66059900CEEC3F /* ScalarFilterParameter.swift in Sources */ = {isa = PBXBuildFile; fileRef = 83D8311F1A66059900CEEC3F /* ScalarFilterParameter.swift */; };
		83DA5E6F1A64781700A27847 /* PhotoFilterViewController.swift in Sources */ = {isa = PBXBuildFile; fileRef = 83DA5E6E1A64781700A27847 /* PhotoFilterViewController.swift */; };
		83E6FC071A64B26400EB7A39 /* Images.xcassets in Resources */ = {isa = PBXBuildFile; fileRef = 83E6FC061A64B26400EB7A39 /* Images.xcassets */; };
/* End PBXBuildFile section */

/* Begin PBXFileReference section */
		8304A7681A6488F6006F44DD /* PhotoFilterCollectionViewCell.swift */ = {isa = PBXFileReference; fileEncoding = 4; lastKnownFileType = sourcecode.swift; path = PhotoFilterCollectionViewCell.swift; sourceTree = "<group>"; };
		8319B44F1A5CC7EB0040418B /* Core Image Explorer.app */ = {isa = PBXFileReference; explicitFileType = wrapper.application; includeInIndex = 0; path = "Core Image Explorer.app"; sourceTree = BUILT_PRODUCTS_DIR; };
		8319B4531A5CC7EB0040418B /* Info.plist */ = {isa = PBXFileReference; lastKnownFileType = text.plist.xml; path = Info.plist; sourceTree = "<group>"; };
		8319B4541A5CC7EB0040418B /* AppDelegate.swift */ = {isa = PBXFileReference; lastKnownFileType = sourcecode.swift; path = AppDelegate.swift; sourceTree = "<group>"; };
		8319B4561A5CC7EB0040418B /* FilterListViewController.swift */ = {isa = PBXFileReference; lastKnownFileType = sourcecode.swift; path = FilterListViewController.swift; sourceTree = "<group>"; };
		8319B4581A5CC7EB0040418B /* FilterDetailViewController.swift */ = {isa = PBXFileReference; lastKnownFileType = sourcecode.swift; path = FilterDetailViewController.swift; sourceTree = "<group>"; };
		8319B45B1A5CC7EB0040418B /* Base */ = {isa = PBXFileReference; lastKnownFileType = file.storyboard; name = Base; path = Base.lproj/Main.storyboard; sourceTree = "<group>"; };
		8319B4601A5CC7EB0040418B /* Base */ = {isa = PBXFileReference; lastKnownFileType = file.xib; name = Base; path = Base.lproj/LaunchScreen.xib; sourceTree = "<group>"; };
		8319B4761A5F1E380040418B /* FilteredImageView.swift */ = {isa = PBXFileReference; fileEncoding = 4; lastKnownFileType = sourcecode.swift; path = FilteredImageView.swift; sourceTree = "<group>"; };
		8326E6C01A6077BA00F5A0CA /* duckling.jpg */ = {isa = PBXFileReference; lastKnownFileType = image.jpeg; path = duckling.jpg; sourceTree = "<group>"; };
		8357845D1A61F11500A8DB3E /* ParameterAdjustmentView.swift */ = {isa = PBXFileReference; fileEncoding = 4; lastKnownFileType = sourcecode.swift; path = ParameterAdjustmentView.swift; sourceTree = "<group>"; };
		8357845F1A61F23800A8DB3E /* LabeledSliderView.swift */ = {isa = PBXFileReference; fileEncoding = 4; lastKnownFileType = sourcecode.swift; path = LabeledSliderView.swift; sourceTree = "<group>"; };
		83D8311F1A66059900CEEC3F /* ScalarFilterParameter.swift */ = {isa = PBXFileReference; fileEncoding = 4; lastKnownFileType = sourcecode.swift; path = ScalarFilterParameter.swift; sourceTree = "<group>"; };
		83DA5E6E1A64781700A27847 /* PhotoFilterViewController.swift */ = {isa = PBXFileReference; fileEncoding = 4; lastKnownFileType = sourcecode.swift; path = PhotoFilterViewController.swift; sourceTree = "<group>"; };
		83E6FC061A64B26400EB7A39 /* Images.xcassets */ = {isa = PBXFileReference; lastKnownFileType = folder.assetcatalog; path = Images.xcassets; sourceTree = "<group>"; };
/* End PBXFileReference section */

/* Begin PBXFrameworksBuildPhase section */
		8319B44C1A5CC7EB0040418B /* Frameworks */ = {
			isa = PBXFrameworksBuildPhase;
			buildActionMask = 2147483647;
			files = (
			);
			runOnlyForDeploymentPostprocessing = 0;
		};
/* End PBXFrameworksBuildPhase section */

/* Begin PBXGroup section */
		8319B4461A5CC7EB0040418B = {
			isa = PBXGroup;
			children = (
				8319B4511A5CC7EB0040418B /* Core Image Explorer */,
				8319B4501A5CC7EB0040418B /* Products */,
			);
			sourceTree = "<group>";
		};
		8319B4501A5CC7EB0040418B /* Products */ = {
			isa = PBXGroup;
			children = (
				8319B44F1A5CC7EB0040418B /* Core Image Explorer.app */,
			);
			name = Products;
			sourceTree = "<group>";
		};
		8319B4511A5CC7EB0040418B /* Core Image Explorer */ = {
			isa = PBXGroup;
			children = (
				83E6FC0A1A64C48A00EB7A39 /* Shared */,
				83E6FC051A64AD3D00EB7A39 /* Photo Filters */,
				83E6FC041A64AD2600EB7A39 /* Tweakable Filters */,
				8319B4541A5CC7EB0040418B /* AppDelegate.swift */,
				8326E6C01A6077BA00F5A0CA /* duckling.jpg */,
				83E6FC061A64B26400EB7A39 /* Images.xcassets */,
				8319B45A1A5CC7EB0040418B /* Main.storyboard */,
				8319B45F1A5CC7EB0040418B /* LaunchScreen.xib */,
				8319B4521A5CC7EB0040418B /* Supporting Files */,
			);
			path = "Core Image Explorer";
			sourceTree = "<group>";
		};
		8319B4521A5CC7EB0040418B /* Supporting Files */ = {
			isa = PBXGroup;
			children = (
				8319B4531A5CC7EB0040418B /* Info.plist */,
			);
			name = "Supporting Files";
			sourceTree = "<group>";
		};
		83E6FC041A64AD2600EB7A39 /* Tweakable Filters */ = {
			isa = PBXGroup;
			children = (
				8319B4561A5CC7EB0040418B /* FilterListViewController.swift */,
				8319B4581A5CC7EB0040418B /* FilterDetailViewController.swift */,
				8357845F1A61F23800A8DB3E /* LabeledSliderView.swift */,
				8357845D1A61F11500A8DB3E /* ParameterAdjustmentView.swift */,
			);
			name = "Tweakable Filters";
			sourceTree = "<group>";
		};
		83E6FC051A64AD3D00EB7A39 /* Photo Filters */ = {
			isa = PBXGroup;
			children = (
				83DA5E6E1A64781700A27847 /* PhotoFilterViewController.swift */,
				8304A7681A6488F6006F44DD /* PhotoFilterCollectionViewCell.swift */,
			);
			name = "Photo Filters";
			sourceTree = "<group>";
		};
		83E6FC0A1A64C48A00EB7A39 /* Shared */ = {
			isa = PBXGroup;
			children = (
				83D8311F1A66059900CEEC3F /* ScalarFilterParameter.swift */,
				8319B4761A5F1E380040418B /* FilteredImageView.swift */,
			);
			name = Shared;
			sourceTree = "<group>";
		};
/* End PBXGroup section */

/* Begin PBXNativeTarget section */
		8319B44E1A5CC7EB0040418B /* Core Image Explorer */ = {
			isa = PBXNativeTarget;
			buildConfigurationList = 8319B4701A5CC7EB0040418B /* Build configuration list for PBXNativeTarget "Core Image Explorer" */;
			buildPhases = (
				8319B44B1A5CC7EB0040418B /* Sources */,
				8319B44C1A5CC7EB0040418B /* Frameworks */,
				8319B44D1A5CC7EB0040418B /* Resources */,
			);
			buildRules = (
			);
			dependencies = (
			);
			name = "Core Image Explorer";
			productName = "Core Image Explorer";
			productReference = 8319B44F1A5CC7EB0040418B /* Core Image Explorer.app */;
			productType = "com.apple.product-type.application";
		};
/* End PBXNativeTarget section */

/* Begin PBXProject section */
		8319B4471A5CC7EB0040418B /* Project object */ = {
			isa = PBXProject;
			attributes = {
				LastUpgradeCheck = 0620;
				ORGANIZATIONNAME = objc.io;
				TargetAttributes = {
					8319B44E1A5CC7EB0040418B = {
						CreatedOnToolsVersion = 6.2;
					};
				};
			};
			buildConfigurationList = 8319B44A1A5CC7EB0040418B /* Build configuration list for PBXProject "Core Image Explorer" */;
			compatibilityVersion = "Xcode 3.2";
			developmentRegion = English;
			hasScannedForEncodings = 0;
			knownRegions = (
				en,
				Base,
			);
			mainGroup = 8319B4461A5CC7EB0040418B;
			productRefGroup = 8319B4501A5CC7EB0040418B /* Products */;
			projectDirPath = "";
			projectRoot = "";
			targets = (
				8319B44E1A5CC7EB0040418B /* Core Image Explorer */,
			);
		};
/* End PBXProject section */

/* Begin PBXResourcesBuildPhase section */
		8319B44D1A5CC7EB0040418B /* Resources */ = {
			isa = PBXResourcesBuildPhase;
			buildActionMask = 2147483647;
			files = (
				8326E6C11A6077BA00F5A0CA /* duckling.jpg in Resources */,
				83E6FC071A64B26400EB7A39 /* Images.xcassets in Resources */,
				8319B45C1A5CC7EB0040418B /* Main.storyboard in Resources */,
				8319B4611A5CC7EB0040418B /* LaunchScreen.xib in Resources */,
			);
			runOnlyForDeploymentPostprocessing = 0;
		};
/* End PBXResourcesBuildPhase section */

/* Begin PBXSourcesBuildPhase section */
		8319B44B1A5CC7EB0040418B /* Sources */ = {
			isa = PBXSourcesBuildPhase;
			buildActionMask = 2147483647;
			files = (
				8319B4591A5CC7EB0040418B /* FilterDetailViewController.swift in Sources */,
				83DA5E6F1A64781700A27847 /* PhotoFilterViewController.swift in Sources */,
				835784601A61F23800A8DB3E /* LabeledSliderView.swift in Sources */,
				83D831201A66059900CEEC3F /* ScalarFilterParameter.swift in Sources */,
				8319B4771A5F1E380040418B /* FilteredImageView.swift in Sources */,
				8319B4571A5CC7EB0040418B /* FilterListViewController.swift in Sources */,
				8304A7691A6488F6006F44DD /* PhotoFilterCollectionViewCell.swift in Sources */,
				8357845E1A61F11500A8DB3E /* ParameterAdjustmentView.swift in Sources */,
				8319B4551A5CC7EB0040418B /* AppDelegate.swift in Sources */,
			);
			runOnlyForDeploymentPostprocessing = 0;
		};
/* End PBXSourcesBuildPhase section */

/* Begin PBXVariantGroup section */
		8319B45A1A5CC7EB0040418B /* Main.storyboard */ = {
			isa = PBXVariantGroup;
			children = (
				8319B45B1A5CC7EB0040418B /* Base */,
			);
			name = Main.storyboard;
			sourceTree = "<group>";
		};
		8319B45F1A5CC7EB0040418B /* LaunchScreen.xib */ = {
			isa = PBXVariantGroup;
			children = (
				8319B4601A5CC7EB0040418B /* Base */,
			);
			name = LaunchScreen.xib;
			sourceTree = "<group>";
		};
/* End PBXVariantGroup section */

/* Begin XCBuildConfiguration section */
		8319B46E1A5CC7EB0040418B /* Debug */ = {
			isa = XCBuildConfiguration;
			buildSettings = {
				ALWAYS_SEARCH_USER_PATHS = NO;
				CLANG_CXX_LANGUAGE_STANDARD = "gnu++0x";
				CLANG_CXX_LIBRARY = "libc++";
				CLANG_ENABLE_MODULES = YES;
				CLANG_ENABLE_OBJC_ARC = YES;
				CLANG_WARN_BOOL_CONVERSION = YES;
				CLANG_WARN_CONSTANT_CONVERSION = YES;
				CLANG_WARN_DIRECT_OBJC_ISA_USAGE = YES_ERROR;
				CLANG_WARN_EMPTY_BODY = YES;
				CLANG_WARN_ENUM_CONVERSION = YES;
				CLANG_WARN_INT_CONVERSION = YES;
				CLANG_WARN_OBJC_ROOT_CLASS = YES_ERROR;
				CLANG_WARN_UNREACHABLE_CODE = YES;
				CLANG_WARN__DUPLICATE_METHOD_MATCH = YES;
				"CODE_SIGN_IDENTITY[sdk=iphoneos*]" = "iPhone Developer";
				COPY_PHASE_STRIP = NO;
				ENABLE_STRICT_OBJC_MSGSEND = YES;
				GCC_C_LANGUAGE_STANDARD = gnu99;
				GCC_DYNAMIC_NO_PIC = NO;
				GCC_OPTIMIZATION_LEVEL = 0;
				GCC_PREPROCESSOR_DEFINITIONS = (
					"DEBUG=1",
					"$(inherited)",
				);
				GCC_SYMBOLS_PRIVATE_EXTERN = NO;
				GCC_WARN_64_TO_32_BIT_CONVERSION = YES;
				GCC_WARN_ABOUT_RETURN_TYPE = YES_ERROR;
				GCC_WARN_UNDECLARED_SELECTOR = YES;
				GCC_WARN_UNINITIALIZED_AUTOS = YES_AGGRESSIVE;
				GCC_WARN_UNUSED_FUNCTION = YES;
				GCC_WARN_UNUSED_VARIABLE = YES;
				IPHONEOS_DEPLOYMENT_TARGET = 8.0;
				MTL_ENABLE_DEBUG_INFO = YES;
				ONLY_ACTIVE_ARCH = YES;
				SDKROOT = iphoneos;
				SWIFT_OPTIMIZATION_LEVEL = "-Onone";
				TARGETED_DEVICE_FAMILY = "1,2";
			};
			name = Debug;
		};
		8319B46F1A5CC7EB0040418B /* Release */ = {
			isa = XCBuildConfiguration;
			buildSettings = {
				ALWAYS_SEARCH_USER_PATHS = NO;
				CLANG_CXX_LANGUAGE_STANDARD = "gnu++0x";
				CLANG_CXX_LIBRARY = "libc++";
				CLANG_ENABLE_MODULES = YES;
				CLANG_ENABLE_OBJC_ARC = YES;
				CLANG_WARN_BOOL_CONVERSION = YES;
				CLANG_WARN_CONSTANT_CONVERSION = YES;
				CLANG_WARN_DIRECT_OBJC_ISA_USAGE = YES_ERROR;
				CLANG_WARN_EMPTY_BODY = YES;
				CLANG_WARN_ENUM_CONVERSION = YES;
				CLANG_WARN_INT_CONVERSION = YES;
				CLANG_WARN_OBJC_ROOT_CLASS = YES_ERROR;
				CLANG_WARN_UNREACHABLE_CODE = YES;
				CLANG_WARN__DUPLICATE_METHOD_MATCH = YES;
				"CODE_SIGN_IDENTITY[sdk=iphoneos*]" = "iPhone Developer";
				COPY_PHASE_STRIP = NO;
				ENABLE_NS_ASSERTIONS = NO;
				ENABLE_STRICT_OBJC_MSGSEND = YES;
				GCC_C_LANGUAGE_STANDARD = gnu99;
				GCC_WARN_64_TO_32_BIT_CONVERSION = YES;
				GCC_WARN_ABOUT_RETURN_TYPE = YES_ERROR;
				GCC_WARN_UNDECLARED_SELECTOR = YES;
				GCC_WARN_UNINITIALIZED_AUTOS = YES_AGGRESSIVE;
				GCC_WARN_UNUSED_FUNCTION = YES;
				GCC_WARN_UNUSED_VARIABLE = YES;
				IPHONEOS_DEPLOYMENT_TARGET = 8.0;
				MTL_ENABLE_DEBUG_INFO = NO;
				SDKROOT = iphoneos;
				TARGETED_DEVICE_FAMILY = "1,2";
				VALIDATE_PRODUCT = YES;
			};
			name = Release;
		};
		8319B4711A5CC7EB0040418B /* Debug */ = {
			isa = XCBuildConfiguration;
			buildSettings = {
				ASSETCATALOG_COMPILER_APPICON_NAME = AppIcon;
				INFOPLIST_FILE = "Core Image Explorer/Info.plist";
				IPHONEOS_DEPLOYMENT_TARGET = 8.0;
				LD_RUNPATH_SEARCH_PATHS = "$(inherited) @executable_path/Frameworks";
				PRODUCT_NAME = "$(TARGET_NAME)";
			};
			name = Debug;
		};
		8319B4721A5CC7EB0040418B /* Release */ = {
			isa = XCBuildConfiguration;
			buildSettings = {
				ASSETCATALOG_COMPILER_APPICON_NAME = AppIcon;
				INFOPLIST_FILE = "Core Image Explorer/Info.plist";
				IPHONEOS_DEPLOYMENT_TARGET = 8.0;
				LD_RUNPATH_SEARCH_PATHS = "$(inherited) @executable_path/Frameworks";
				PRODUCT_NAME = "$(TARGET_NAME)";
			};
			name = Release;
		};
/* End XCBuildConfiguration section */

/* Begin XCConfigurationList section */
		8319B44A1A5CC7EB0040418B /* Build configuration list for PBXProject "Core Image Explorer" */ = {
			isa = XCConfigurationList;
			buildConfigurations = (
				8319B46E1A5CC7EB0040418B /* Debug */,
				8319B46F1A5CC7EB0040418B /* Release */,
			);
			defaultConfigurationIsVisible = 0;
			defaultConfigurationName = Release;
		};
		8319B4701A5CC7EB0040418B /* Build configuration list for PBXNativeTarget "Core Image Explorer" */ = {
			isa = XCConfigurationList;
			buildConfigurations = (
				8319B4711A5CC7EB0040418B /* Debug */,
				8319B4721A5CC7EB0040418B /* Release */,
			);
			defaultConfigurationIsVisible = 0;
			defaultConfigurationName = Release;
		};
/* End XCConfigurationList section */
	};
	rootObject = 8319B4471A5CC7EB0040418B /* Project object */;
}
